
Microsoft Visual Studio Solution File, Format Version 12.00
# Visual Studio Version 17
VisualStudioVersion = 17.5.002.0
MinimumVisualStudioVersion = 10.0.40219.1
Project("{2150E333-8FDC-42A3-9474-1A3956D46DE8}") = "csharp-prep", "csharp-prep", "{AF21184A-1968-48B7-99F3-0BE7B6ED8547}"
EndProject
Project("{9A19103F-16F7-4668-BE54-9A1E7A4F7556}") = "Prep1", "csharp-prep\Prep1\Prep1.csproj", "{87363907-0A55-4C23-9D1E-F020B988342A}"
EndProject
Project("{9A19103F-16F7-4668-BE54-9A1E7A4F7556}") = "Prep2", "csharp-prep\Prep2\Prep2.csproj", "{8447549F-14DD-4ACF-85FE-46DBC8498A9C}"
EndProject
Project("{9A19103F-16F7-4668-BE54-9A1E7A4F7556}") = "Prep3", "csharp-prep\Prep3\Prep3.csproj", "{1826CFBC-2295-4F0C-9A7E-87DA47869188}"
EndProject
Project("{9A19103F-16F7-4668-BE54-9A1E7A4F7556}") = "Prep4", "csharp-prep\Prep4\Prep4.csproj", "{108CD713-B5AB-45DF-BBAA-7935757A6FB4}"
EndProject
Project("{9A19103F-16F7-4668-BE54-9A1E7A4F7556}") = "Prep5", "csharp-prep\Prep5\Prep5.csproj", "{5BA8A8C3-1297-4244-B240-56F1E0DDB340}"
EndProject
Project("{2150E333-8FDC-42A3-9474-1A3956D46DE8}") = "final", "final", "{A192800C-D7DD-4D9C-B02C-AB390E70587D}"
EndProject
Project("{9A19103F-16F7-4668-BE54-9A1E7A4F7556}") = "FinalProject", "final\FinalProject\FinalProject.csproj", "{C1638CB3-D802-4760-8CDE-1F42F91DB5FA}"
EndProject
Project("{9A19103F-16F7-4668-BE54-9A1E7A4F7556}") = "Foundation1", "final\Foundation1\Foundation1.csproj", "{B968316B-B2C6-433B-B1BD-0A906166409E}"
EndProject
Project("{9A19103F-16F7-4668-BE54-9A1E7A4F7556}") = "Foundation2", "final\Foundation2\Foundation2.csproj", "{C34EA8C6-A9A1-4E61-AC67-12DDD700F752}"
EndProject
Project("{9A19103F-16F7-4668-BE54-9A1E7A4F7556}") = "Foundation3", "final\Foundation3\Foundation3.csproj", "{9F52184F-AEC5-484B-80E2-460DE771FCEB}"
EndProject
Project("{9A19103F-16F7-4668-BE54-9A1E7A4F7556}") = "Foundation4", "final\Foundation4\Foundation4.csproj", "{88427243-7C25-4168-B53C-249EEDA29471}"
EndProject
Project("{2150E333-8FDC-42A3-9474-1A3956D46DE8}") = "prepare", "prepare", "{AE975BF2-6429-41C8-B52B-FC9F91CDC70D}"
EndProject
Project("{9A19103F-16F7-4668-BE54-9A1E7A4F7556}") = "Learning02", "prepare\Learning02\Learning02.csproj", "{D6C0AA94-EF35-4174-9B18-7DC23FE0D56E}"
EndProject
Project("{9A19103F-16F7-4668-BE54-9A1E7A4F7556}") = "Learning03", "prepare\Learning03\Learning03.csproj", "{EB47C5BE-43BD-4C79-86B7-E0CDE7DC6537}"
EndProject
Project("{9A19103F-16F7-4668-BE54-9A1E7A4F7556}") = "Learning04", "prepare\Learning04\Learning04.csproj", "{21039EC0-DA67-4A98-8B6F-F5CF721EA7D3}"
EndProject
Project("{9A19103F-16F7-4668-BE54-9A1E7A4F7556}") = "Learning05", "prepare\Learning05\Learning05.csproj", "{C2BF23C8-A4CE-492B-9408-7B38378F0D00}"
EndProject
Project("{2150E333-8FDC-42A3-9474-1A3956D46DE8}") = "prove", "prove", "{3354D6C4-2213-441C-994A-A101C31B52A5}"
EndProject
Project("{9A19103F-16F7-4668-BE54-9A1E7A4F7556}") = "Develop02", "prove\Develop02\Develop02.csproj", "{CB29B562-70AA-4E2B-8CE9-A09F32191970}"
EndProject
Project("{9A19103F-16F7-4668-BE54-9A1E7A4F7556}") = "Develop03", "prove\Develop03\Develop03.csproj", "{0857FBFE-E00A-44A4-8A5B-EB85E57B3F98}"
EndProject
Project("{9A19103F-16F7-4668-BE54-9A1E7A4F7556}") = "Develop04", "prove\Develop04\Develop04.csproj", "{086F9F4F-B3FF-4E83-8B53-DFB91F062A6C}"
EndProject
Project("{9A19103F-16F7-4668-BE54-9A1E7A4F7556}") = "Develop05", "prove\Develop05\Develop05.csproj", "{6F1F1884-6779-4107-A252-8870F97A05BC}"
EndProject
Project("{2150E333-8FDC-42A3-9474-1A3956D46DE8}") = "sandbox", "sandbox", "{5C39A34C-6583-4168-9AF3-5B3D6D67ED77}"
EndProject
Project("{9A19103F-16F7-4668-BE54-9A1E7A4F7556}") = "Sandbox", "sandbox\Sandbox\Sandbox.csproj", "{658527FA-6632-4DAC-A443-93EAA2BF73AE}"
EndProject
Global
	GlobalSection(SolutionConfigurationPlatforms) = preSolution
		Debug|Any CPU = Debug|Any CPU
		Release|Any CPU = Release|Any CPU
	EndGlobalSection
	GlobalSection(ProjectConfigurationPlatforms) = postSolution
		{87363907-0A55-4C23-9D1E-F020B988342A}.Debug|Any CPU.ActiveCfg = Debug|Any CPU
		{87363907-0A55-4C23-9D1E-F020B988342A}.Debug|Any CPU.Build.0 = Debug|Any CPU
		{87363907-0A55-4C23-9D1E-F020B988342A}.Release|Any CPU.ActiveCfg = Release|Any CPU
		{87363907-0A55-4C23-9D1E-F020B988342A}.Release|Any CPU.Build.0 = Release|Any CPU
		{8447549F-14DD-4ACF-85FE-46DBC8498A9C}.Debug|Any CPU.ActiveCfg = Debug|Any CPU
		{8447549F-14DD-4ACF-85FE-46DBC8498A9C}.Debug|Any CPU.Build.0 = Debug|Any CPU
		{8447549F-14DD-4ACF-85FE-46DBC8498A9C}.Release|Any CPU.ActiveCfg = Release|Any CPU
		{8447549F-14DD-4ACF-85FE-46DBC8498A9C}.Release|Any CPU.Build.0 = Release|Any CPU
		{1826CFBC-2295-4F0C-9A7E-87DA47869188}.Debug|Any CPU.ActiveCfg = Debug|Any CPU
		{1826CFBC-2295-4F0C-9A7E-87DA47869188}.Debug|Any CPU.Build.0 = Debug|Any CPU
		{1826CFBC-2295-4F0C-9A7E-87DA47869188}.Release|Any CPU.ActiveCfg = Release|Any CPU
		{1826CFBC-2295-4F0C-9A7E-87DA47869188}.Release|Any CPU.Build.0 = Release|Any CPU
		{108CD713-B5AB-45DF-BBAA-7935757A6FB4}.Debug|Any CPU.ActiveCfg = Debug|Any CPU
		{108CD713-B5AB-45DF-BBAA-7935757A6FB4}.Debug|Any CPU.Build.0 = Debug|Any CPU
		{108CD713-B5AB-45DF-BBAA-7935757A6FB4}.Release|Any CPU.ActiveCfg = Release|Any CPU
		{108CD713-B5AB-45DF-BBAA-7935757A6FB4}.Release|Any CPU.Build.0 = Release|Any CPU
		{5BA8A8C3-1297-4244-B240-56F1E0DDB340}.Debug|Any CPU.ActiveCfg = Debug|Any CPU
		{5BA8A8C3-1297-4244-B240-56F1E0DDB340}.Debug|Any CPU.Build.0 = Debug|Any CPU
		{5BA8A8C3-1297-4244-B240-56F1E0DDB340}.Release|Any CPU.ActiveCfg = Release|Any CPU
		{5BA8A8C3-1297-4244-B240-56F1E0DDB340}.Release|Any CPU.Build.0 = Release|Any CPU
		{C1638CB3-D802-4760-8CDE-1F42F91DB5FA}.Debug|Any CPU.ActiveCfg = Debug|Any CPU
		{C1638CB3-D802-4760-8CDE-1F42F91DB5FA}.Debug|Any CPU.Build.0 = Debug|Any CPU
		{C1638CB3-D802-4760-8CDE-1F42F91DB5FA}.Release|Any CPU.ActiveCfg = Release|Any CPU
		{C1638CB3-D802-4760-8CDE-1F42F91DB5FA}.Release|Any CPU.Build.0 = Release|Any CPU
		{B968316B-B2C6-433B-B1BD-0A906166409E}.Debug|Any CPU.ActiveCfg = Debug|Any CPU
		{B968316B-B2C6-433B-B1BD-0A906166409E}.Debug|Any CPU.Build.0 = Debug|Any CPU
		{B968316B-B2C6-433B-B1BD-0A906166409E}.Release|Any CPU.ActiveCfg = Release|Any CPU
		{B968316B-B2C6-433B-B1BD-0A906166409E}.Release|Any CPU.Build.0 = Release|Any CPU
		{C34EA8C6-A9A1-4E61-AC67-12DDD700F752}.Debug|Any CPU.ActiveCfg = Debug|Any CPU
		{C34EA8C6-A9A1-4E61-AC67-12DDD700F752}.Debug|Any CPU.Build.0 = Debug|Any CPU
		{C34EA8C6-A9A1-4E61-AC67-12DDD700F752}.Release|Any CPU.ActiveCfg = Release|Any CPU
		{C34EA8C6-A9A1-4E61-AC67-12DDD700F752}.Release|Any CPU.Build.0 = Release|Any CPU
		{9F52184F-AEC5-484B-80E2-460DE771FCEB}.Debug|Any CPU.ActiveCfg = Debug|Any CPU
		{9F52184F-AEC5-484B-80E2-460DE771FCEB}.Debug|Any CPU.Build.0 = Debug|Any CPU
		{9F52184F-AEC5-484B-80E2-460DE771FCEB}.Release|Any CPU.ActiveCfg = Release|Any CPU
		{9F52184F-AEC5-484B-80E2-460DE771FCEB}.Release|Any CPU.Build.0 = Release|Any CPU
		{88427243-7C25-4168-B53C-249EEDA29471}.Debug|Any CPU.ActiveCfg = Debug|Any CPU
		{88427243-7C25-4168-B53C-249EEDA29471}.Debug|Any CPU.Build.0 = Debug|Any CPU
		{88427243-7C25-4168-B53C-249EEDA29471}.Release|Any CPU.ActiveCfg = Release|Any CPU
		{88427243-7C25-4168-B53C-249EEDA29471}.Release|Any CPU.Build.0 = Release|Any CPU
		{D6C0AA94-EF35-4174-9B18-7DC23FE0D56E}.Debug|Any CPU.ActiveCfg = Debug|Any CPU
		{D6C0AA94-EF35-4174-9B18-7DC23FE0D56E}.Debug|Any CPU.Build.0 = Debug|Any CPU
		{D6C0AA94-EF35-4174-9B18-7DC23FE0D56E}.Release|Any CPU.ActiveCfg = Release|Any CPU
		{D6C0AA94-EF35-4174-9B18-7DC23FE0D56E}.Release|Any CPU.Build.0 = Release|Any CPU
		{EB47C5BE-43BD-4C79-86B7-E0CDE7DC6537}.Debug|Any CPU.ActiveCfg = Debug|Any CPU
		{EB47C5BE-43BD-4C79-86B7-E0CDE7DC6537}.Debug|Any CPU.Build.0 = Debug|Any CPU
		{EB47C5BE-43BD-4C79-86B7-E0CDE7DC6537}.Release|Any CPU.ActiveCfg = Release|Any CPU
		{EB47C5BE-43BD-4C79-86B7-E0CDE7DC6537}.Release|Any CPU.Build.0 = Release|Any CPU
		{21039EC0-DA67-4A98-8B6F-F5CF721EA7D3}.Debug|Any CPU.ActiveCfg = Debug|Any CPU
		{21039EC0-DA67-4A98-8B6F-F5CF721EA7D3}.Debug|Any CPU.Build.0 = Debug|Any CPU
		{21039EC0-DA67-4A98-8B6F-F5CF721EA7D3}.Release|Any CPU.ActiveCfg = Release|Any CPU
		{21039EC0-DA67-4A98-8B6F-F5CF721EA7D3}.Release|Any CPU.Build.0 = Release|Any CPU
		{C2BF23C8-A4CE-492B-9408-7B38378F0D00}.Debug|Any CPU.ActiveCfg = Debug|Any CPU
		{C2BF23C8-A4CE-492B-9408-7B38378F0D00}.Debug|Any CPU.Build.0 = Debug|Any CPU
		{C2BF23C8-A4CE-492B-9408-7B38378F0D00}.Release|Any CPU.ActiveCfg = Release|Any CPU
		{C2BF23C8-A4CE-492B-9408-7B38378F0D00}.Release|Any CPU.Build.0 = Release|Any CPU
		{CB29B562-70AA-4E2B-8CE9-A09F32191970}.Debug|Any CPU.ActiveCfg = Debug|Any CPU
		{CB29B562-70AA-4E2B-8CE9-A09F32191970}.Debug|Any CPU.Build.0 = Debug|Any CPU
		{CB29B562-70AA-4E2B-8CE9-A09F32191970}.Release|Any CPU.ActiveCfg = Release|Any CPU
		{CB29B562-70AA-4E2B-8CE9-A09F32191970}.Release|Any CPU.Build.0 = Release|Any CPU
		{0857FBFE-E00A-44A4-8A5B-EB85E57B3F98}.Debug|Any CPU.ActiveCfg = Debug|Any CPU
		{0857FBFE-E00A-44A4-8A5B-EB85E57B3F98}.Debug|Any CPU.Build.0 = Debug|Any CPU
		{0857FBFE-E00A-44A4-8A5B-EB85E57B3F98}.Release|Any CPU.ActiveCfg = Release|Any CPU
		{0857FBFE-E00A-44A4-8A5B-EB85E57B3F98}.Release|Any CPU.Build.0 = Release|Any CPU
		{086F9F4F-B3FF-4E83-8B53-DFB91F062A6C}.Debug|Any CPU.ActiveCfg = Debug|Any CPU
		{086F9F4F-B3FF-4E83-8B53-DFB91F062A6C}.Debug|Any CPU.Build.0 = Debug|Any CPU
		{086F9F4F-B3FF-4E83-8B53-DFB91F062A6C}.Release|Any CPU.ActiveCfg = Release|Any CPU
		{086F9F4F-B3FF-4E83-8B53-DFB91F062A6C}.Release|Any CPU.Build.0 = Release|Any CPU
		{6F1F1884-6779-4107-A252-8870F97A05BC}.Debug|Any CPU.ActiveCfg = Debug|Any CPU
		{6F1F1884-6779-4107-A252-8870F97A05BC}.Debug|Any CPU.Build.0 = Debug|Any CPU
		{6F1F1884-6779-4107-A252-8870F97A05BC}.Release|Any CPU.ActiveCfg = Release|Any CPU
		{6F1F1884-6779-4107-A252-8870F97A05BC}.Release|Any CPU.Build.0 = Release|Any CPU
		{658527FA-6632-4DAC-A443-93EAA2BF73AE}.Debug|Any CPU.ActiveCfg = Debug|Any CPU
		{658527FA-6632-4DAC-A443-93EAA2BF73AE}.Debug|Any CPU.Build.0 = Debug|Any CPU
		{658527FA-6632-4DAC-A443-93EAA2BF73AE}.Release|Any CPU.ActiveCfg = Release|Any CPU
		{658527FA-6632-4DAC-A443-93EAA2BF73AE}.Release|Any CPU.Build.0 = Release|Any CPU
	EndGlobalSection
	GlobalSection(SolutionProperties) = preSolution
		HideSolutionNode = FALSE
	EndGlobalSection
	GlobalSection(NestedProjects) = preSolution
		{87363907-0A55-4C23-9D1E-F020B988342A} = {AF21184A-1968-48B7-99F3-0BE7B6ED8547}
		{8447549F-14DD-4ACF-85FE-46DBC8498A9C} = {AF21184A-1968-48B7-99F3-0BE7B6ED8547}
		{1826CFBC-2295-4F0C-9A7E-87DA47869188} = {AF21184A-1968-48B7-99F3-0BE7B6ED8547}
		{108CD713-B5AB-45DF-BBAA-7935757A6FB4} = {AF21184A-1968-48B7-99F3-0BE7B6ED8547}
		{5BA8A8C3-1297-4244-B240-56F1E0DDB340} = {AF21184A-1968-48B7-99F3-0BE7B6ED8547}
		{C1638CB3-D802-4760-8CDE-1F42F91DB5FA} = {A192800C-D7DD-4D9C-B02C-AB390E70587D}
		{B968316B-B2C6-433B-B1BD-0A906166409E} = {A192800C-D7DD-4D9C-B02C-AB390E70587D}
		{C34EA8C6-A9A1-4E61-AC67-12DDD700F752} = {A192800C-D7DD-4D9C-B02C-AB390E70587D}
		{9F52184F-AEC5-484B-80E2-460DE771FCEB} = {A192800C-D7DD-4D9C-B02C-AB390E70587D}
		{88427243-7C25-4168-B53C-249EEDA29471} = {A192800C-D7DD-4D9C-B02C-AB390E70587D}
		{D6C0AA94-EF35-4174-9B18-7DC23FE0D56E} = {AE975BF2-6429-41C8-B52B-FC9F91CDC70D}
		{EB47C5BE-43BD-4C79-86B7-E0CDE7DC6537} = {AE975BF2-6429-41C8-B52B-FC9F91CDC70D}
		{21039EC0-DA67-4A98-8B6F-F5CF721EA7D3} = {AE975BF2-6429-41C8-B52B-FC9F91CDC70D}
		{C2BF23C8-A4CE-492B-9408-7B38378F0D00} = {AE975BF2-6429-41C8-B52B-FC9F91CDC70D}
		{CB29B562-70AA-4E2B-8CE9-A09F32191970} = {3354D6C4-2213-441C-994A-A101C31B52A5}
		{0857FBFE-E00A-44A4-8A5B-EB85E57B3F98} = {3354D6C4-2213-441C-994A-A101C31B52A5}
		{086F9F4F-B3FF-4E83-8B53-DFB91F062A6C} = {3354D6C4-2213-441C-994A-A101C31B52A5}
		{6F1F1884-6779-4107-A252-8870F97A05BC} = {3354D6C4-2213-441C-994A-A101C31B52A5}
		{658527FA-6632-4DAC-A443-93EAA2BF73AE} = {5C39A34C-6583-4168-9AF3-5B3D6D67ED77}
	EndGlobalSection
	GlobalSection(ExtensibilityGlobals) = postSolution
		SolutionGuid = {2E764864-6E5F-43D2-8319-2D73049C89EA}
	EndGlobalSection
EndGlobal
